
Microsoft Visual Studio Solution File, Format Version 12.00
# Visual Studio Version 17
VisualStudioVersion = 17.1.32328.378
MinimumVisualStudioVersion = 10.0.40219.1
Project("{FAE04EC0-301F-11D3-BF4B-00C04F79EFBC}") = "StudentReportCard.App", "StudentReportCard.App\StudentReportCard.App.csproj", "{FD65E3D7-2C87-4472-9E46-5DD0E6962B20}"
EndProject
Global
	GlobalSection(SolutionConfigurationPlatforms) = preSolution
		Debug|Any CPU = Debug|Any CPU
		Release|Any CPU = Release|Any CPU
	EndGlobalSection
	GlobalSection(ProjectConfigurationPlatforms) = postSolution
		{FD65E3D7-2C87-4472-9E46-5DD0E6962B20}.Debug|Any CPU.ActiveCfg = Debug|Any CPU
		{FD65E3D7-2C87-4472-9E46-5DD0E6962B20}.Debug|Any CPU.Build.0 = Debug|Any CPU
		{FD65E3D7-2C87-4472-9E46-5DD0E6962B20}.Release|Any CPU.ActiveCfg = Release|Any CPU
		{FD65E3D7-2C87-4472-9E46-5DD0E6962B20}.Release|Any CPU.Build.0 = Release|Any CPU
	EndGlobalSection
	GlobalSection(SolutionProperties) = preSolution
		HideSolutionNode = FALSE
	EndGlobalSection
	GlobalSection(ExtensibilityGlobals) = postSolution
		SolutionGuid = {1A264056-17A9-49C8-84BE-80B4014EE654}
	EndGlobalSection
EndGlobal
